<?xml version="1.0" encoding="utf-8"?>
<Project ToolsVersion="4.0" xmlns="http://schemas.microsoft.com/developer/msbuild/2003">
  <ItemGroup>
    <Filter Include="Source Files">
      <UniqueIdentifier>{cc59f3da-219a-4ec8-aeb7-38cf48fd7785}</UniqueIdentifier>
      <Extensions>cpp;c;cc;cxx;def;idl;odl</Extensions>
    </Filter>
    <Filter Include="Include Files">
      <UniqueIdentifier>{929089f3-6632-4fcc-8a52-74aa265a4fff}</UniqueIdentifier>
      <Extensions>h;hh;hxx</Extensions>
    </Filter>
    <Filter Include="Resource Files">
      <UniqueIdentifier>{d1160ddf-10b1-472b-acdc-78fa8fc2dd9e}</UniqueIdentifier>
      <Extensions>rc;ico;bmp;cur;jpg;gif</Extensions>
    </Filter>
    <Filter Include="Miscellaneous Files">
      <UniqueIdentifier>{7afc43ba-bbe9-4bf2-ac8f-8b36d413798f}</UniqueIdentifier>
      <Extensions>reg;rgs;mak;clw;vsdir;vsz;css;inf;vcproj;csproj</Extensions>
    </Filter>
  </ItemGroup>
  <ItemGroup>
    <ClCompile Include="..\..\src\acrxEntryPoint.cpp">
      <Filter>Source Files</Filter>
    </ClCompile>
    <ClCompile Include="..\..\src\Box.cpp">
      <Filter>Source Files</Filter>
    </ClCompile>
    <ClCompile Include="..\..\src\CloudHelper.cpp">
      <Filter>Source Files</Filter>
    </ClCompile>
    <ClCompile Include="..\..\src\CloudTool.cpp">
      <Filter>Source Files</Filter>
    </ClCompile>
    <ClCompile Include="..\..\src\Cylinder.cpp">
      <Filter>Source Files</Filter>
    </ClCompile>
    <ClCompile Include="..\..\src\DrawHelper.cpp">
      <Filter>Source Files</Filter>
    </ClCompile>
    <ClCompile Include="..\..\src\Exception.cpp">
      <Filter>Source Files</Filter>
    </ClCompile>
    <ClCompile Include="..\..\src\MathHelper.cpp">
      <Filter>Source Files</Filter>
    </ClCompile>
    <ClCompile Include="..\..\src\Point3d.cpp">
      <Filter>Source Files</Filter>
    </ClCompile>
    <ClCompile Include="..\..\src\PointCloud.cpp">
      <Filter>Source Files</Filter>
    </ClCompile>
    <ClCompile Include="..\..\src\PointCloudBuilder.cpp">
      <Filter>Source Files</Filter>
    </ClCompile>
    <ClCompile Include="..\..\src\PointIndexer.cpp">
      <Filter>Source Files</Filter>
    </ClCompile>
    <ClCompile Include="..\..\src\Settings.cpp">
      <Filter>Source Files</Filter>
    </ClCompile>
    <ClCompile Include="..\..\src\StdAfx.cpp">
      <Filter>Source Files</Filter>
    </ClCompile>
    <ClCompile Include="..\..\src\TreePc.cpp">
      <Filter>Source Files</Filter>
    </ClCompile>
    <ClCompile Include="..\..\src\TreeTool.cpp">
      <Filter>Source Files</Filter>
    </ClCompile>
    <ClCompile Include="..\..\src\TreeTopTool.cpp">
      <Filter>Source Files</Filter>
    </ClCompile>
    <ClCompile Include="..\..\src\TreeTrunkTool.cpp">
      <Filter>Source Files</Filter>
    </ClCompile>
    <ClCompile Include="..\..\src\TxtReader.cpp">
      <Filter>Source Files</Filter>
    </ClCompile>
    <ClCompile Include="..\..\src\UiCommands.cpp">
      <Filter>Source Files</Filter>
    </ClCompile>
  </ItemGroup>
  <ItemGroup>
    <ClInclude Include="..\..\src\Box.h">
      <Filter>Include Files</Filter>
    </ClInclude>
    <ClInclude Include="..\..\src\CloudHelper.h">
      <Filter>Include Files</Filter>
    </ClInclude>
    <ClInclude Include="..\..\src\CloudTool.h">
      <Filter>Include Files</Filter>
    </ClInclude>
    <ClInclude Include="..\..\src\Cylinder.h">
      <Filter>Include Files</Filter>
    </ClInclude>
    <ClInclude Include="..\..\src\DataIndexT.h">
      <Filter>Include Files</Filter>
    </ClInclude>
    <ClInclude Include="..\..\src\DrawHelper.h">
      <Filter>Include Files</Filter>
    </ClInclude>
    <ClInclude Include="..\..\src\Exception.h">
      <Filter>Include Files</Filter>
    </ClInclude>
    <ClInclude Include="..\..\src\GuardedPointerVectorT.h">
      <Filter>Include Files</Filter>
    </ClInclude>
    <ClInclude Include="..\..\src\MathHelper.h">
      <Filter>Include Files</Filter>
    </ClInclude>
    <ClInclude Include="..\..\src\Point3d.h">
      <Filter>Include Files</Filter>
    </ClInclude>
    <ClInclude Include="..\..\src\PointCloud.h">
      <Filter>Include Files</Filter>
    </ClInclude>
    <ClInclude Include="..\..\src\PointCloudBuilder.h">
      <Filter>Include Files</Filter>
    </ClInclude>
    <ClInclude Include="..\..\src\PointCloudIndex.h">
      <Filter>Include Files</Filter>
    </ClInclude>
    <ClInclude Include="..\..\src\PointIndexer.h">
      <Filter>Include Files</Filter>
    </ClInclude>
    <ClInclude Include="..\..\src\Settings.h">
      <Filter>Include Files</Filter>
    </ClInclude>
    <ClInclude Include="..\..\src\StdAfx.h">
      <Filter>Include Files</Filter>
    </ClInclude>
    <ClInclude Include="..\..\src\TreeTool.h">
      <Filter>Include Files</Filter>
    </ClInclude>
    <ClInclude Include="..\..\src\TreeTopTool.h">
      <Filter>Include Files</Filter>
    </ClInclude>
    <ClInclude Include="..\..\src\TreeTrunkTool.h">
      <Filter>Include Files</Filter>
    </ClInclude>
    <ClInclude Include="..\..\src\TxtReader.h">
      <Filter>Include Files</Filter>
    </ClInclude>
    <ClInclude Include="..\..\src\UiCommands.h">
      <Filter>Include Files</Filter>
    </ClInclude>
  </ItemGroup>
</Project>